
Microsoft Visual Studio Solution File, Format Version 12.00
# Visual Studio 15
VisualStudioVersion = 15.0.28010.2003
MinimumVisualStudioVersion = 10.0.40219.1
Project("{FAE04EC0-301F-11D3-BF4B-00C04F79EFBC}") = "Server", "Drupal.NET\Server\Server.csproj", "{3A38A1D3-B35F-4A2D-90AE-872ACBB38E46}"
EndProject
Project("{13B669BE-BB05-4DDF-9536-439F39A36129}") = "Drupal.NET", "Drupal.NET\Drupal.NET\Drupal.NET.msbuildproj", "{6A428427-D5FF-40C9-8902-47E61AEAF7B3}"
EndProject
Project("{13B669BE-BB05-4DDF-9536-439F39A36129}") = "DrupalCore", "DrupalCore\DrupalCore.msbuildproj", "{7A6607AC-FF4D-47E2-B7CE-D1188547B8BE}"
EndProject
Global
	GlobalSection(SolutionConfigurationPlatforms) = preSolution
		Debug|Any CPU = Debug|Any CPU
		Release|Any CPU = Release|Any CPU
	EndGlobalSection
	GlobalSection(ProjectConfigurationPlatforms) = postSolution
		{3A38A1D3-B35F-4A2D-90AE-872ACBB38E46}.Debug|Any CPU.ActiveCfg = Debug|Any CPU
		{3A38A1D3-B35F-4A2D-90AE-872ACBB38E46}.Debug|Any CPU.Build.0 = Debug|Any CPU
		{3A38A1D3-B35F-4A2D-90AE-872ACBB38E46}.Release|Any CPU.ActiveCfg = Release|Any CPU
		{3A38A1D3-B35F-4A2D-90AE-872ACBB38E46}.Release|Any CPU.Build.0 = Release|Any CPU
		{6A428427-D5FF-40C9-8902-47E61AEAF7B3}.Debug|Any CPU.ActiveCfg = Debug|Any CPU
		{6A428427-D5FF-40C9-8902-47E61AEAF7B3}.Debug|Any CPU.Build.0 = Debug|Any CPU
		{6A428427-D5FF-40C9-8902-47E61AEAF7B3}.Release|Any CPU.ActiveCfg = Release|Any CPU
		{6A428427-D5FF-40C9-8902-47E61AEAF7B3}.Release|Any CPU.Build.0 = Release|Any CPU
		{7A6607AC-FF4D-47E2-B7CE-D1188547B8BE}.Debug|Any CPU.ActiveCfg = Debug|Any CPU
		{7A6607AC-FF4D-47E2-B7CE-D1188547B8BE}.Debug|Any CPU.Build.0 = Debug|Any CPU
		{7A6607AC-FF4D-47E2-B7CE-D1188547B8BE}.Release|Any CPU.ActiveCfg = Release|Any CPU
		{7A6607AC-FF4D-47E2-B7CE-D1188547B8BE}.Release|Any CPU.Build.0 = Release|Any CPU
	EndGlobalSection
	GlobalSection(SolutionProperties) = preSolution
		HideSolutionNode = FALSE
	EndGlobalSection
	GlobalSection(ExtensibilityGlobals) = postSolution
		SolutionGuid = {62E94CF7-408C-46E6-86A9-5EA671C52700}
	EndGlobalSection
EndGlobal
